// !$*UTF8*$!
{
	archiveVersion = 1;
	classes = {
	};
	objectVersion = 77;
	objects = {

/* Begin PBXContainerItemProxy section */
		2EFCCFEA2D6ABA0100A5D164 /* PBXContainerItemProxy */ = {
			isa = PBXContainerItemProxy;
			containerPortal = 2EFCCFCE2D6AB9FF00A5D164 /* Project object */;
			proxyType = 1;
			remoteGlobalIDString = 2EFCCFD52D6AB9FF00A5D164;
			remoteInfo = "Timeleap Setup";
		};
		2EFCCFF42D6ABA0100A5D164 /* PBXContainerItemProxy */ = {
			isa = PBXContainerItemProxy;
			containerPortal = 2EFCCFCE2D6AB9FF00A5D164 /* Project object */;
			proxyType = 1;
			remoteGlobalIDString = 2EFCCFD52D6AB9FF00A5D164;
			remoteInfo = "Timeleap Setup";
		};
/* End PBXContainerItemProxy section */

/* Begin PBXFileReference section */
		2EFCCFD62D6AB9FF00A5D164 /* Timeleap Setup.app */ = {isa = PBXFileReference; explicitFileType = wrapper.application; includeInIndex = 0; path = "Timeleap Setup.app"; sourceTree = BUILT_PRODUCTS_DIR; };
		2EFCCFE92D6ABA0100A5D164 /* Timeleap SetupTests.xctest */ = {isa = PBXFileReference; explicitFileType = wrapper.cfbundle; includeInIndex = 0; path = "Timeleap SetupTests.xctest"; sourceTree = BUILT_PRODUCTS_DIR; };
		2EFCCFF32D6ABA0100A5D164 /* Timeleap SetupUITests.xctest */ = {isa = PBXFileReference; explicitFileType = wrapper.cfbundle; includeInIndex = 0; path = "Timeleap SetupUITests.xctest"; sourceTree = BUILT_PRODUCTS_DIR; };
/* End PBXFileReference section */

/* Begin PBXFileSystemSynchronizedRootGroup section */
		2EFCCFD82D6AB9FF00A5D164 /* Timeleap Setup */ = {
			isa = PBXFileSystemSynchronizedRootGroup;
			path = "Timeleap Setup";
			sourceTree = "<group>";
		};
/* End PBXFileSystemSynchronizedRootGroup section */

/* Begin PBXFrameworksBuildPhase section */
		2EFCCFD32D6AB9FF00A5D164 /* Frameworks */ = {
			isa = PBXFrameworksBuildPhase;
			buildActionMask = 2147483647;
			files = (
			);
			runOnlyForDeploymentPostprocessing = 0;
		};
		2EFCCFE62D6ABA0100A5D164 /* Frameworks */ = {
			isa = PBXFrameworksBuildPhase;
			buildActionMask = 2147483647;
			files = (
			);
			runOnlyForDeploymentPostprocessing = 0;
		};
		2EFCCFF02D6ABA0100A5D164 /* Frameworks */ = {
			isa = PBXFrameworksBuildPhase;
			buildActionMask = 2147483647;
			files = (
			);
			runOnlyForDeploymentPostprocessing = 0;
		};
/* End PBXFrameworksBuildPhase section */

/* Begin PBXGroup section */
		2EFCCFCD2D6AB9FF00A5D164 = {
			isa = PBXGroup;
			children = (
				2EFCCFD82D6AB9FF00A5D164 /* Timeleap Setup */,
				2EFCCFD72D6AB9FF00A5D164 /* Products */,
			);
			sourceTree = "<group>";
		};
		2EFCCFD72D6AB9FF00A5D164 /* Products */ = {
			isa = PBXGroup;
			children = (
				2EFCCFD62D6AB9FF00A5D164 /* Timeleap Setup.app */,
				2EFCCFE92D6ABA0100A5D164 /* Timeleap SetupTests.xctest */,
				2EFCCFF32D6ABA0100A5D164 /* Timeleap SetupUITests.xctest */,
			);
			name = Products;
			sourceTree = "<group>";
		};
/* End PBXGroup section */

/* Begin PBXNativeTarget section */
		2EFCCFD52D6AB9FF00A5D164 /* Timeleap Setup */ = {
			isa = PBXNativeTarget;
			buildConfigurationList = 2EFCCFFD2D6ABA0100A5D164 /* Build configuration list for PBXNativeTarget "Timeleap Setup" */;
			buildPhases = (
				2EFCCFD22D6AB9FF00A5D164 /* Sources */,
				2EFCCFD32D6AB9FF00A5D164 /* Frameworks */,
				2EFCCFD42D6AB9FF00A5D164 /* Resources */,
			);
			buildRules = (
			);
			dependencies = (
			);
			fileSystemSynchronizedGroups = (
				2EFCCFD82D6AB9FF00A5D164 /* Timeleap Setup */,
			);
			name = "Timeleap Setup";
			packageProductDependencies = (
			);
			productName = "Timeleap Setup";
			productReference = 2EFCCFD62D6AB9FF00A5D164 /* Timeleap Setup.app */;
			productType = "com.apple.product-type.application";
		};
		2EFCCFE82D6ABA0100A5D164 /* Timeleap SetupTests */ = {
			isa = PBXNativeTarget;
			buildConfigurationList = 2EFCD0002D6ABA0100A5D164 /* Build configuration list for PBXNativeTarget "Timeleap SetupTests" */;
			buildPhases = (
				2EFCCFE52D6ABA0100A5D164 /* Sources */,
				2EFCCFE62D6ABA0100A5D164 /* Frameworks */,
				2EFCCFE72D6ABA0100A5D164 /* Resources */,
			);
			buildRules = (
			);
			dependencies = (
				2EFCCFEB2D6ABA0100A5D164 /* PBXTargetDependency */,
			);
			name = "Timeleap SetupTests";
			packageProductDependencies = (
			);
			productName = "Timeleap SetupTests";
			productReference = 2EFCCFE92D6ABA0100A5D164 /* Timeleap SetupTests.xctest */;
			productType = "com.apple.product-type.bundle.unit-test";
		};
		2EFCCFF22D6ABA0100A5D164 /* Timeleap SetupUITests */ = {
			isa = PBXNativeTarget;
			buildConfigurationList = 2EFCD0032D6ABA0100A5D164 /* Build configuration list for PBXNativeTarget "Timeleap SetupUITests" */;
			buildPhases = (
				2EFCCFEF2D6ABA0100A5D164 /* Sources */,
				2EFCCFF02D6ABA0100A5D164 /* Frameworks */,
				2EFCCFF12D6ABA0100A5D164 /* Resources */,
			);
			buildRules = (
			);
			dependencies = (
				2EFCCFF52D6ABA0100A5D164 /* PBXTargetDependency */,
			);
			name = "Timeleap SetupUITests";
			packageProductDependencies = (
			);
			productName = "Timeleap SetupUITests";
			productReference = 2EFCCFF32D6ABA0100A5D164 /* Timeleap SetupUITests.xctest */;
			productType = "com.apple.product-type.bundle.ui-testing";
		};
/* End PBXNativeTarget section */

/* Begin PBXProject section */
		2EFCCFCE2D6AB9FF00A5D164 /* Project object */ = {
			isa = PBXProject;
			attributes = {
				BuildIndependentTargetsInParallel = 1;
				LastSwiftUpdateCheck = 1620;
				LastUpgradeCheck = 1620;
				TargetAttributes = {
					2EFCCFD52D6AB9FF00A5D164 = {
						CreatedOnToolsVersion = 16.2;
					};
					2EFCCFE82D6ABA0100A5D164 = {
						CreatedOnToolsVersion = 16.2;
						TestTargetID = 2EFCCFD52D6AB9FF00A5D164;
					};
					2EFCCFF22D6ABA0100A5D164 = {
						CreatedOnToolsVersion = 16.2;
						TestTargetID = 2EFCCFD52D6AB9FF00A5D164;
					};
				};
			};
			buildConfigurationList = 2EFCCFD12D6AB9FF00A5D164 /* Build configuration list for PBXProject "Timeleap Setup" */;
			developmentRegion = en;
			hasScannedForEncodings = 0;
			knownRegions = (
				en,
				Base,
			);
			mainGroup = 2EFCCFCD2D6AB9FF00A5D164;
			minimizedProjectReferenceProxies = 1;
			preferredProjectObjectVersion = 77;
			productRefGroup = 2EFCCFD72D6AB9FF00A5D164 /* Products */;
			projectDirPath = "";
			projectRoot = "";
			targets = (
				2EFCCFD52D6AB9FF00A5D164 /* Timeleap Setup */,
				2EFCCFE82D6ABA0100A5D164 /* Timeleap SetupTests */,
				2EFCCFF22D6ABA0100A5D164 /* Timeleap SetupUITests */,
			);
		};
/* End PBXProject section */

/* Begin PBXResourcesBuildPhase section */
		2EFCCFD42D6AB9FF00A5D164 /* Resources */ = {
			isa = PBXResourcesBuildPhase;
			buildActionMask = 2147483647;
			files = (
			);
			runOnlyForDeploymentPostprocessing = 0;
		};
		2EFCCFE72D6ABA0100A5D164 /* Resources */ = {
			isa = PBXResourcesBuildPhase;
			buildActionMask = 2147483647;
			files = (
			);
			runOnlyForDeploymentPostprocessing = 0;
		};
		2EFCCFF12D6ABA0100A5D164 /* Resources */ = {
			isa = PBXResourcesBuildPhase;
			buildActionMask = 2147483647;
			files = (
			);
			runOnlyForDeploymentPostprocessing = 0;
		};
/* End PBXResourcesBuildPhase section */

/* Begin PBXSourcesBuildPhase section */
		2EFCCFD22D6AB9FF00A5D164 /* Sources */ = {
			isa = PBXSourcesBuildPhase;
			buildActionMask = 2147483647;
			files = (
			);
			runOnlyForDeploymentPostprocessing = 0;
		};
		2EFCCFE52D6ABA0100A5D164 /* Sources */ = {
			isa = PBXSourcesBuildPhase;
			buildActionMask = 2147483647;
			files = (
			);
			runOnlyForDeploymentPostprocessing = 0;
		};
		2EFCCFEF2D6ABA0100A5D164 /* Sources */ = {
			isa = PBXSourcesBuildPhase;
			buildActionMask = 2147483647;
			files = (
			);
			runOnlyForDeploymentPostprocessing = 0;
		};
/* End PBXSourcesBuildPhase section */

/* Begin PBXTargetDependency section */
		2EFCCFEB2D6ABA0100A5D164 /* PBXTargetDependency */ = {
			isa = PBXTargetDependency;
			target = 2EFCCFD52D6AB9FF00A5D164 /* Timeleap Setup */;
			targetProxy = 2EFCCFEA2D6ABA0100A5D164 /* PBXContainerItemProxy */;
		};
		2EFCCFF52D6ABA0100A5D164 /* PBXTargetDependency */ = {
			isa = PBXTargetDependency;
			target = 2EFCCFD52D6AB9FF00A5D164 /* Timeleap Setup */;
			targetProxy = 2EFCCFF42D6ABA0100A5D164 /* PBXContainerItemProxy */;
		};
/* End PBXTargetDependency section */

/* Begin XCBuildConfiguration section */
		2EFCCFFB2D6ABA0100A5D164 /* Debug */ = {
			isa = XCBuildConfiguration;
			buildSettings = {
				ALWAYS_SEARCH_USER_PATHS = NO;
				ASSETCATALOG_COMPILER_GENERATE_SWIFT_ASSET_SYMBOL_EXTENSIONS = YES;
				CLANG_ANALYZER_NONNULL = YES;
				CLANG_ANALYZER_NUMBER_OBJECT_CONVERSION = YES_AGGRESSIVE;
				CLANG_CXX_LANGUAGE_STANDARD = "gnu++20";
				CLANG_ENABLE_MODULES = YES;
				CLANG_ENABLE_OBJC_ARC = YES;
				CLANG_ENABLE_OBJC_WEAK = YES;
				CLANG_WARN_BLOCK_CAPTURE_AUTORELEASING = YES;
				CLANG_WARN_BOOL_CONVERSION = YES;
				CLANG_WARN_COMMA = YES;
				CLANG_WARN_CONSTANT_CONVERSION = YES;
				CLANG_WARN_DEPRECATED_OBJC_IMPLEMENTATIONS = YES;
				CLANG_WARN_DIRECT_OBJC_ISA_USAGE = YES_ERROR;
				CLANG_WARN_DOCUMENTATION_COMMENTS = YES;
				CLANG_WARN_EMPTY_BODY = YES;
				CLANG_WARN_ENUM_CONVERSION = YES;
				CLANG_WARN_INFINITE_RECURSION = YES;
				CLANG_WARN_INT_CONVERSION = YES;
				CLANG_WARN_NON_LITERAL_NULL_CONVERSION = YES;
				CLANG_WARN_OBJC_IMPLICIT_RETAIN_SELF = YES;
				CLANG_WARN_OBJC_LITERAL_CONVERSION = YES;
				CLANG_WARN_OBJC_ROOT_CLASS = YES_ERROR;
				CLANG_WARN_QUOTED_INCLUDE_IN_FRAMEWORK_HEADER = YES;
				CLANG_WARN_RANGE_LOOP_ANALYSIS = YES;
				CLANG_WARN_STRICT_PROTOTYPES = YES;
				CLANG_WARN_SUSPICIOUS_MOVE = YES;
				CLANG_WARN_UNGUARDED_AVAILABILITY = YES_AGGRESSIVE;
				CLANG_WARN_UNREACHABLE_CODE = YES;
				CLANG_WARN__DUPLICATE_METHOD_MATCH = YES;
				COPY_PHASE_STRIP = NO;
				DEBUG_INFORMATION_FORMAT = dwarf;
				ENABLE_STRICT_OBJC_MSGSEND = YES;
				ENABLE_TESTABILITY = YES;
				ENABLE_USER_SCRIPT_SANDBOXING = YES;
				GCC_C_LANGUAGE_STANDARD = gnu17;
				GCC_DYNAMIC_NO_PIC = NO;
				GCC_NO_COMMON_BLOCKS = YES;
				GCC_OPTIMIZATION_LEVEL = 0;
				GCC_PREPROCESSOR_DEFINITIONS = (
					"DEBUG=1",
					"$(inherited)",
				);
				GCC_WARN_64_TO_32_BIT_CONVERSION = YES;
				GCC_WARN_ABOUT_RETURN_TYPE = YES_ERROR;
				GCC_WARN_UNDECLARED_SELECTOR = YES;
				GCC_WARN_UNINITIALIZED_AUTOS = YES_AGGRESSIVE;
				GCC_WARN_UNUSED_FUNCTION = YES;
				GCC_WARN_UNUSED_VARIABLE = YES;
				LOCALIZATION_PREFERS_STRING_CATALOGS = YES;
				MACOSX_DEPLOYMENT_TARGET = 15.2;
				MTL_ENABLE_DEBUG_INFO = INCLUDE_SOURCE;
				MTL_FAST_MATH = YES;
				ONLY_ACTIVE_ARCH = YES;
				SDKROOT = macosx;
				SWIFT_ACTIVE_COMPILATION_CONDITIONS = "DEBUG $(inherited)";
				SWIFT_OPTIMIZATION_LEVEL = "-Onone";
			};
			name = Debug;
		};
		2EFCCFFC2D6ABA0100A5D164 /* Release */ = {
			isa = XCBuildConfiguration;
			buildSettings = {
				ALWAYS_SEARCH_USER_PATHS = NO;
				ASSETCATALOG_COMPILER_GENERATE_SWIFT_ASSET_SYMBOL_EXTENSIONS = YES;
				CLANG_ANALYZER_NONNULL = YES;
				CLANG_ANALYZER_NUMBER_OBJECT_CONVERSION = YES_AGGRESSIVE;
				CLANG_CXX_LANGUAGE_STANDARD = "gnu++20";
				CLANG_ENABLE_MODULES = YES;
				CLANG_ENABLE_OBJC_ARC = YES;
				CLANG_ENABLE_OBJC_WEAK = YES;
				CLANG_WARN_BLOCK_CAPTURE_AUTORELEASING = YES;
				CLANG_WARN_BOOL_CONVERSION = YES;
				CLANG_WARN_COMMA = YES;
				CLANG_WARN_CONSTANT_CONVERSION = YES;
				CLANG_WARN_DEPRECATED_OBJC_IMPLEMENTATIONS = YES;
				CLANG_WARN_DIRECT_OBJC_ISA_USAGE = YES_ERROR;
				CLANG_WARN_DOCUMENTATION_COMMENTS = YES;
				CLANG_WARN_EMPTY_BODY = YES;
				CLANG_WARN_ENUM_CONVERSION = YES;
				CLANG_WARN_INFINITE_RECURSION = YES;
				CLANG_WARN_INT_CONVERSION = YES;
				CLANG_WARN_NON_LITERAL_NULL_CONVERSION = YES;
				CLANG_WARN_OBJC_IMPLICIT_RETAIN_SELF = YES;
				CLANG_WARN_OBJC_LITERAL_CONVERSION = YES;
				CLANG_WARN_OBJC_ROOT_CLASS = YES_ERROR;
				CLANG_WARN_QUOTED_INCLUDE_IN_FRAMEWORK_HEADER = YES;
				CLANG_WARN_RANGE_LOOP_ANALYSIS = YES;
				CLANG_WARN_STRICT_PROTOTYPES = YES;
				CLANG_WARN_SUSPICIOUS_MOVE = YES;
				CLANG_WARN_UNGUARDED_AVAILABILITY = YES_AGGRESSIVE;
				CLANG_WARN_UNREACHABLE_CODE = YES;
				CLANG_WARN__DUPLICATE_METHOD_MATCH = YES;
				COPY_PHASE_STRIP = NO;
				DEBUG_INFORMATION_FORMAT = "dwarf-with-dsym";
				ENABLE_NS_ASSERTIONS = NO;
				ENABLE_STRICT_OBJC_MSGSEND = YES;
				ENABLE_USER_SCRIPT_SANDBOXING = YES;
				GCC_C_LANGUAGE_STANDARD = gnu17;
				GCC_NO_COMMON_BLOCKS = YES;
				GCC_WARN_64_TO_32_BIT_CONVERSION = YES;
				GCC_WARN_ABOUT_RETURN_TYPE = YES_ERROR;
				GCC_WARN_UNDECLARED_SELECTOR = YES;
				GCC_WARN_UNINITIALIZED_AUTOS = YES_AGGRESSIVE;
				GCC_WARN_UNUSED_FUNCTION = YES;
				GCC_WARN_UNUSED_VARIABLE = YES;
				LOCALIZATION_PREFERS_STRING_CATALOGS = YES;
				MACOSX_DEPLOYMENT_TARGET = 15.2;
				MTL_ENABLE_DEBUG_INFO = NO;
				MTL_FAST_MATH = YES;
				SDKROOT = macosx;
				SWIFT_COMPILATION_MODE = wholemodule;
			};
			name = Release;
		};
		2EFCCFFE2D6ABA0100A5D164 /* Debug */ = {
			isa = XCBuildConfiguration;
			buildSettings = {
				ASSETCATALOG_COMPILER_APPICON_NAME = AppIcon;
				ASSETCATALOG_COMPILER_GLOBAL_ACCENT_COLOR_NAME = AccentColor;
				CODE_SIGN_ENTITLEMENTS = "Timeleap Setup/Timeleap_Setup.entitlements";
				CODE_SIGN_STYLE = Automatic;
				COMBINE_HIDPI_IMAGES = YES;
				CURRENT_PROJECT_VERSION = 1;
				DEVELOPMENT_ASSET_PATHS = "\"Timeleap Setup/Preview Content\"";
				DEVELOPMENT_TEAM = WR3BG7MJPC;
				ENABLE_HARDENED_RUNTIME = YES;
				ENABLE_PREVIEWS = YES;
				GENERATE_INFOPLIST_FILE = YES;
				INFOPLIST_KEY_NSHumanReadableCopyright = "";
				LD_RUNPATH_SEARCH_PATHS = (
					"$(inherited)",
					"@executable_path/../Frameworks",
				);
				MACOSX_DEPLOYMENT_TARGET = 14.0;
				MARKETING_VERSION = 1.0;
				PRODUCT_BUNDLE_IDENTIFIER = "SWAG.Timeleap-Setup";
				PRODUCT_NAME = "$(TARGET_NAME)";
				SWIFT_EMIT_LOC_STRINGS = YES;
				SWIFT_VERSION = 5.0;
			};
			name = Debug;
		};
		2EFCCFFF2D6ABA0100A5D164 /* Release */ = {
			isa = XCBuildConfiguration;
			buildSettings = {
				ASSETCATALOG_COMPILER_APPICON_NAME = AppIcon;
				ASSETCATALOG_COMPILER_GLOBAL_ACCENT_COLOR_NAME = AccentColor;
				CODE_SIGN_ENTITLEMENTS = "Timeleap Setup/Timeleap_Setup.entitlements";
				CODE_SIGN_STYLE = Automatic;
				COMBINE_HIDPI_IMAGES = YES;
				CURRENT_PROJECT_VERSION = 1;
				DEVELOPMENT_ASSET_PATHS = "\"Timeleap Setup/Preview Content\"";
				DEVELOPMENT_TEAM = WR3BG7MJPC;
				ENABLE_HARDENED_RUNTIME = YES;
				ENABLE_PREVIEWS = YES;
				GENERATE_INFOPLIST_FILE = YES;
				INFOPLIST_KEY_NSHumanReadableCopyright = "";
				LD_RUNPATH_SEARCH_PATHS = (
					"$(inherited)",
					"@executable_path/../Frameworks",
				);
				MACOSX_DEPLOYMENT_TARGET = 14.0;
				MARKETING_VERSION = 1.0;
				PRODUCT_BUNDLE_IDENTIFIER = "SWAG.Timeleap-Setup";
				PRODUCT_NAME = "$(TARGET_NAME)";
				SWIFT_EMIT_LOC_STRINGS = YES;
				SWIFT_VERSION = 5.0;
			};
			name = Release;
		};
		2EFCD0012D6ABA0100A5D164 /* Debug */ = {
			isa = XCBuildConfiguration;
			buildSettings = {
				BUNDLE_LOADER = "$(TEST_HOST)";
				CODE_SIGN_STYLE = Automatic;
				CURRENT_PROJECT_VERSION = 1;
				DEVELOPMENT_TEAM = WR3BG7MJPC;
				GENERATE_INFOPLIST_FILE = YES;
				MACOSX_DEPLOYMENT_TARGET = 14.0;
				MARKETING_VERSION = 1.0;
				PRODUCT_BUNDLE_IDENTIFIER = "SWAG.Timeleap-SetupTests";
				PRODUCT_NAME = "$(TARGET_NAME)";
				SWIFT_EMIT_LOC_STRINGS = NO;
				SWIFT_VERSION = 5.0;
				TEST_HOST = "$(BUILT_PRODUCTS_DIR)/Timeleap Setup.app/$(BUNDLE_EXECUTABLE_FOLDER_PATH)/Timeleap Setup";
			};
			name = Debug;
		};
		2EFCD0022D6ABA0100A5D164 /* Release */ = {
			isa = XCBuildConfiguration;
			buildSettings = {
				BUNDLE_LOADER = "$(TEST_HOST)";
				CODE_SIGN_STYLE = Automatic;
				CURRENT_PROJECT_VERSION = 1;
				DEVELOPMENT_TEAM = WR3BG7MJPC;
				GENERATE_INFOPLIST_FILE = YES;
				MACOSX_DEPLOYMENT_TARGET = 14.0;
				MARKETING_VERSION = 1.0;
				PRODUCT_BUNDLE_IDENTIFIER = "SWAG.Timeleap-SetupTests";
				PRODUCT_NAME = "$(TARGET_NAME)";
				SWIFT_EMIT_LOC_STRINGS = NO;
				SWIFT_VERSION = 5.0;
				TEST_HOST = "$(BUILT_PRODUCTS_DIR)/Timeleap Setup.app/$(BUNDLE_EXECUTABLE_FOLDER_PATH)/Timeleap Setup";
			};
			name = Release;
		};
		2EFCD0042D6ABA0100A5D164 /* Debug */ = {
			isa = XCBuildConfiguration;
			buildSettings = {
				CODE_SIGN_STYLE = Automatic;
				CURRENT_PROJECT_VERSION = 1;
				DEVELOPMENT_TEAM = WR3BG7MJPC;
				GENERATE_INFOPLIST_FILE = YES;
				MARKETING_VERSION = 1.0;
				PRODUCT_BUNDLE_IDENTIFIER = "SWAG.Timeleap-SetupUITests";
				PRODUCT_NAME = "$(TARGET_NAME)";
				SWIFT_EMIT_LOC_STRINGS = NO;
				SWIFT_VERSION = 5.0;
				TEST_TARGET_NAME = "Timeleap Setup";
			};
			name = Debug;
		};
		2EFCD0052D6ABA0100A5D164 /* Release */ = {
			isa = XCBuildConfiguration;
			buildSettings = {
				CODE_SIGN_STYLE = Automatic;
				CURRENT_PROJECT_VERSION = 1;
				DEVELOPMENT_TEAM = WR3BG7MJPC;
				GENERATE_INFOPLIST_FILE = YES;
				MARKETING_VERSION = 1.0;
				PRODUCT_BUNDLE_IDENTIFIER = "SWAG.Timeleap-SetupUITests";
				PRODUCT_NAME = "$(TARGET_NAME)";
				SWIFT_EMIT_LOC_STRINGS = NO;
				SWIFT_VERSION = 5.0;
				TEST_TARGET_NAME = "Timeleap Setup";
			};
			name = Release;
		};
/* End XCBuildConfiguration section */

/* Begin XCConfigurationList section */
		2EFCCFD12D6AB9FF00A5D164 /* Build configuration list for PBXProject "Timeleap Setup" */ = {
			isa = XCConfigurationList;
			buildConfigurations = (
				2EFCCFFB2D6ABA0100A5D164 /* Debug */,
				2EFCCFFC2D6ABA0100A5D164 /* Release */,
			);
			defaultConfigurationIsVisible = 0;
			defaultConfigurationName = Release;
		};
		2EFCCFFD2D6ABA0100A5D164 /* Build configuration list for PBXNativeTarget "Timeleap Setup" */ = {
			isa = XCConfigurationList;
			buildConfigurations = (
				2EFCCFFE2D6ABA0100A5D164 /* Debug */,
				2EFCCFFF2D6ABA0100A5D164 /* Release */,
			);
			defaultConfigurationIsVisible = 0;
			defaultConfigurationName = Release;
		};
		2EFCD0002D6ABA0100A5D164 /* Build configuration list for PBXNativeTarget "Timeleap SetupTests" */ = {
			isa = XCConfigurationList;
			buildConfigurations = (
				2EFCD0012D6ABA0100A5D164 /* Debug */,
				2EFCD0022D6ABA0100A5D164 /* Release */,
			);
			defaultConfigurationIsVisible = 0;
			defaultConfigurationName = Release;
		};
		2EFCD0032D6ABA0100A5D164 /* Build configuration list for PBXNativeTarget "Timeleap SetupUITests" */ = {
			isa = XCConfigurationList;
			buildConfigurations = (
				2EFCD0042D6ABA0100A5D164 /* Debug */,
				2EFCD0052D6ABA0100A5D164 /* Release */,
			);
			defaultConfigurationIsVisible = 0;
			defaultConfigurationName = Release;
		};
/* End XCConfigurationList section */
	};
	rootObject = 2EFCCFCE2D6AB9FF00A5D164 /* Project object */;
}
